
Microsoft Visual Studio Solution File, Format Version 12.00
# Visual Studio Version 16
VisualStudioVersion = 16.0.28809.33
MinimumVisualStudioVersion = 10.0.40219.1
Project("{FAE04EC0-301F-11D3-BF4B-00C04F79EFBC}") = "SvgCreator", "SvgCreator\SvgCreator.csproj", "{881188D1-C616-49C9-B480-338651C97159}"
EndProject
Global
	GlobalSection(SolutionConfigurationPlatforms) = preSolution
		Debug|Any CPU = Debug|Any CPU
		Release|Any CPU = Release|Any CPU
	EndGlobalSection
	GlobalSection(ProjectConfigurationPlatforms) = postSolution
		{881188D1-C616-49C9-B480-338651C97159}.Debug|Any CPU.ActiveCfg = Debug|Any CPU
		{881188D1-C616-49C9-B480-338651C97159}.Debug|Any CPU.Build.0 = Debug|Any CPU
		{881188D1-C616-49C9-B480-338651C97159}.Release|Any CPU.ActiveCfg = Release|Any CPU
		{881188D1-C616-49C9-B480-338651C97159}.Release|Any CPU.Build.0 = Release|Any CPU
	EndGlobalSection
	GlobalSection(SolutionProperties) = preSolution
		HideSolutionNode = FALSE
	EndGlobalSection
	GlobalSection(ExtensibilityGlobals) = postSolution
		SolutionGuid = {33366053-D56D-452E-ADFB-079E176840B1}
	EndGlobalSection
EndGlobal
